
Microsoft Visual Studio Solution File, Format Version 12.00
# Visual Studio Version 17
VisualStudioVersion = 17.11.35312.102
MinimumVisualStudioVersion = 10.0.40219.1
Project("{9A19103F-16F7-4668-BE54-9A1E7A4F7556}") = "A_1015_Ariski Ade Rahajro_UTSPBO", "A_1015_Ariski Ade Rahajro\A_1015_Ariski Ade Rahajro_UTSPBO.csproj", "{2C7AB4F7-0404-4EF2-A5AE-12FFBFB28411}"
EndProject
Global
	GlobalSection(SolutionConfigurationPlatforms) = preSolution
		Debug|Any CPU = Debug|Any CPU
		Release|Any CPU = Release|Any CPU
	EndGlobalSection
	GlobalSection(ProjectConfigurationPlatforms) = postSolution
		{2C7AB4F7-0404-4EF2-A5AE-12FFBFB28411}.Debug|Any CPU.ActiveCfg = Debug|Any CPU
		{2C7AB4F7-0404-4EF2-A5AE-12FFBFB28411}.Debug|Any CPU.Build.0 = Debug|Any CPU
		{2C7AB4F7-0404-4EF2-A5AE-12FFBFB28411}.Release|Any CPU.ActiveCfg = Release|Any CPU
		{2C7AB4F7-0404-4EF2-A5AE-12FFBFB28411}.Release|Any CPU.Build.0 = Release|Any CPU
	EndGlobalSection
	GlobalSection(SolutionProperties) = preSolution
		HideSolutionNode = FALSE
	EndGlobalSection
	GlobalSection(ExtensibilityGlobals) = postSolution
		SolutionGuid = {08F80D47-3829-45BC-846B-A68F0E8DBF80}
	EndGlobalSection
EndGlobal
